
Microsoft Visual Studio Solution File, Format Version 12.00
# Visual Studio Version 17
VisualStudioVersion = 17.7.34031.279
MinimumVisualStudioVersion = 10.0.40219.1
Project("{FAE04EC0-301F-11D3-BF4B-00C04F79EFBC}") = "Algorytm_C#", "Algorytm_C#\Algorytm_C#.csproj", "{5482A504-E62D-4F0E-96DC-B7F1A38AB340}"
EndProject
Global
	GlobalSection(SolutionConfigurationPlatforms) = preSolution
		Debug|Any CPU = Debug|Any CPU
		Release|Any CPU = Release|Any CPU
	EndGlobalSection
	GlobalSection(ProjectConfigurationPlatforms) = postSolution
		{5482A504-E62D-4F0E-96DC-B7F1A38AB340}.Debug|Any CPU.ActiveCfg = Debug|Any CPU
		{5482A504-E62D-4F0E-96DC-B7F1A38AB340}.Debug|Any CPU.Build.0 = Debug|Any CPU
		{5482A504-E62D-4F0E-96DC-B7F1A38AB340}.Release|Any CPU.ActiveCfg = Release|Any CPU
		{5482A504-E62D-4F0E-96DC-B7F1A38AB340}.Release|Any CPU.Build.0 = Release|Any CPU
	EndGlobalSection
	GlobalSection(SolutionProperties) = preSolution
		HideSolutionNode = FALSE
	EndGlobalSection
	GlobalSection(ExtensibilityGlobals) = postSolution
		SolutionGuid = {3DFA3046-FE88-4DDA-A239-656516BA890F}
	EndGlobalSection
EndGlobal
